// !$*UTF8*$!
{
	archiveVersion = 1;
	classes = {
	};
	objectVersion = 46;
	objects = {

/* Begin PBXBuildFile section */
		411215661681FF8800794F99 /* UIKit.framework in Frameworks */ = {isa = PBXBuildFile; fileRef = 411215651681FF8800794F99 /* UIKit.framework */; };
		411215681681FF8800794F99 /* Foundation.framework in Frameworks */ = {isa = PBXBuildFile; fileRef = 411215671681FF8800794F99 /* Foundation.framework */; };
		4112156A1681FF8800794F99 /* CoreGraphics.framework in Frameworks */ = {isa = PBXBuildFile; fileRef = 411215691681FF8800794F99 /* CoreGraphics.framework */; };
		4112156C1681FF8800794F99 /* CoreData.framework in Frameworks */ = {isa = PBXBuildFile; fileRef = 4112156B1681FF8800794F99 /* CoreData.framework */; };
		411215721681FF8800794F99 /* InfoPlist.strings in Resources */ = {isa = PBXBuildFile; fileRef = 411215701681FF8800794F99 /* InfoPlist.strings */; };
		411215741681FF8800794F99 /* main.m in Sources */ = {isa = PBXBuildFile; fileRef = 411215731681FF8800794F99 /* main.m */; };
		411215781681FF8800794F99 /* CLRAppDelegate.m in Sources */ = {isa = PBXBuildFile; fileRef = 411215771681FF8800794F99 /* CLRAppDelegate.m */; };
		4112157A1681FF8800794F99 /* Default.png in Resources */ = {isa = PBXBuildFile; fileRef = 411215791681FF8800794F99 /* Default.png */; };
		4112157C1681FF8800794F99 /* Default@2x.png in Resources */ = {isa = PBXBuildFile; fileRef = 4112157B1681FF8800794F99 /* Default@2x.png */; };
		4112157E1681FF8800794F99 /* Default-568h@2x.png in Resources */ = {isa = PBXBuildFile; fileRef = 4112157D1681FF8800794F99 /* Default-568h@2x.png */; };
		411215811681FF8800794F99 /* MainStoryboard_iPhone.storyboard in Resources */ = {isa = PBXBuildFile; fileRef = 4112157F1681FF8800794F99 /* MainStoryboard_iPhone.storyboard */; };
		411215841681FF8800794F99 /* MainStoryboard_iPad.storyboard in Resources */ = {isa = PBXBuildFile; fileRef = 411215821681FF8800794F99 /* MainStoryboard_iPad.storyboard */; };
		411215871681FF8800794F99 /* plusReader.xcdatamodeld in Sources */ = {isa = PBXBuildFile; fileRef = 411215851681FF8800794F99 /* plusReader.xcdatamodeld */; };
		4112158A1681FF8800794F99 /* CLRMasterViewController.m in Sources */ = {isa = PBXBuildFile; fileRef = 411215891681FF8800794F99 /* CLRMasterViewController.m */; };
		4112158D1681FF8800794F99 /* CLRDetailViewController.m in Sources */ = {isa = PBXBuildFile; fileRef = 4112158C1681FF8800794F99 /* CLRDetailViewController.m */; };
		411215951681FF8900794F99 /* SenTestingKit.framework in Frameworks */ = {isa = PBXBuildFile; fileRef = 411215941681FF8900794F99 /* SenTestingKit.framework */; };
		411215961681FF8900794F99 /* UIKit.framework in Frameworks */ = {isa = PBXBuildFile; fileRef = 411215651681FF8800794F99 /* UIKit.framework */; };
		411215971681FF8900794F99 /* Foundation.framework in Frameworks */ = {isa = PBXBuildFile; fileRef = 411215671681FF8800794F99 /* Foundation.framework */; };
		411215981681FF8900794F99 /* CoreData.framework in Frameworks */ = {isa = PBXBuildFile; fileRef = 4112156B1681FF8800794F99 /* CoreData.framework */; };
		411215A01681FF8900794F99 /* InfoPlist.strings in Resources */ = {isa = PBXBuildFile; fileRef = 4112159E1681FF8900794F99 /* InfoPlist.strings */; };
		411215A31681FF8900794F99 /* plusReaderTests.m in Sources */ = {isa = PBXBuildFile; fileRef = 411215A21681FF8900794F99 /* plusReaderTests.m */; };
		416087D6168FC6F300BCDAEE /* AFHTTPClient.m in Sources */ = {isa = PBXBuildFile; fileRef = 416087C4168FC6F300BCDAEE /* AFHTTPClient.m */; };
		416087D7168FC6F300BCDAEE /* AFHTTPRequestOperation.m in Sources */ = {isa = PBXBuildFile; fileRef = 416087C6168FC6F300BCDAEE /* AFHTTPRequestOperation.m */; };
		416087D8168FC6F300BCDAEE /* AFImageRequestOperation.m in Sources */ = {isa = PBXBuildFile; fileRef = 416087C8168FC6F300BCDAEE /* AFImageRequestOperation.m */; };
		416087D9168FC6F300BCDAEE /* AFJSONRequestOperation.m in Sources */ = {isa = PBXBuildFile; fileRef = 416087CA168FC6F300BCDAEE /* AFJSONRequestOperation.m */; };
		416087DA168FC6F300BCDAEE /* AFNetworkActivityIndicatorManager.m in Sources */ = {isa = PBXBuildFile; fileRef = 416087CC168FC6F300BCDAEE /* AFNetworkActivityIndicatorManager.m */; };
		416087DB168FC6F300BCDAEE /* AFPropertyListRequestOperation.m in Sources */ = {isa = PBXBuildFile; fileRef = 416087CF168FC6F300BCDAEE /* AFPropertyListRequestOperation.m */; };
		416087DC168FC6F300BCDAEE /* AFURLConnectionOperation.m in Sources */ = {isa = PBXBuildFile; fileRef = 416087D1168FC6F300BCDAEE /* AFURLConnectionOperation.m */; };
		416087DD168FC6F300BCDAEE /* AFXMLRequestOperation.m in Sources */ = {isa = PBXBuildFile; fileRef = 416087D3168FC6F300BCDAEE /* AFXMLRequestOperation.m */; };
		416087DE168FC6F300BCDAEE /* UIImageView+AFNetworking.m in Sources */ = {isa = PBXBuildFile; fileRef = 416087D5168FC6F300BCDAEE /* UIImageView+AFNetworking.m */; };
		416087E2168FC70300BCDAEE /* AFOAuth2Client.m in Sources */ = {isa = PBXBuildFile; fileRef = 416087E1168FC70300BCDAEE /* AFOAuth2Client.m */; };
		416087E9168FC71200BCDAEE /* AFHTTPRequestOperationLogger.m in Sources */ = {isa = PBXBuildFile; fileRef = 416087E5168FC71200BCDAEE /* AFHTTPRequestOperationLogger.m */; };
		416087EF168FC88400BCDAEE /* Security.framework in Frameworks */ = {isa = PBXBuildFile; fileRef = 416087ED168FC86900BCDAEE /* Security.framework */; };
		4171D81E16A05F2000B15D36 /* CLRStreamList.m in Sources */ = {isa = PBXBuildFile; fileRef = 4171D81D16A05F2000B15D36 /* CLRStreamList.m */; };
		4171D82116A05F2000B15D36 /* CLRList.m in Sources */ = {isa = PBXBuildFile; fileRef = 4171D82016A05F2000B15D36 /* CLRList.m */; };
		4171D82416A05F2100B15D36 /* CLRItemList.m in Sources */ = {isa = PBXBuildFile; fileRef = 4171D82316A05F2100B15D36 /* CLRItemList.m */; };
		4176699D168FDAFD00C33609 /* libGoogleAnalytics_debug.a in Frameworks */ = {isa = PBXBuildFile; fileRef = 4176699B168FDAFD00C33609 /* libGoogleAnalytics_debug.a */; };
		4176699E168FDAFD00C33609 /* libGoogleAnalytics.a in Frameworks */ = {isa = PBXBuildFile; fileRef = 4176699C168FDAFD00C33609 /* libGoogleAnalytics.a */; };
		41768514169091B700A29A6D /* Icon.png in Resources */ = {isa = PBXBuildFile; fileRef = 41768513169091B700A29A6D /* Icon.png */; };
		41768516169091BE00A29A6D /* Icon@2x.png in Resources */ = {isa = PBXBuildFile; fileRef = 41768515169091BE00A29A6D /* Icon@2x.png */; };
		41768518169091DB00A29A6D /* Icon-72.png in Resources */ = {isa = PBXBuildFile; fileRef = 41768517169091DB00A29A6D /* Icon-72.png */; };
		4176851A169091DF00A29A6D /* Icon-72@2x.png in Resources */ = {isa = PBXBuildFile; fileRef = 41768519169091DF00A29A6D /* Icon-72@2x.png */; };
		41795C15169F80EC00140DBC /* CLRStream.m in Sources */ = {isa = PBXBuildFile; fileRef = 41795C14169F80EC00140DBC /* CLRStream.m */; };
		41795C21169F80EE00140DBC /* CLRItem.m in Sources */ = {isa = PBXBuildFile; fileRef = 41795C20169F80EE00140DBC /* CLRItem.m */; };
		418329BD1690085E00B045ED /* CLRBrowserView.m in Sources */ = {isa = PBXBuildFile; fileRef = 418329BC1690085E00B045ED /* CLRBrowserView.m */; };
		41928B8A168A04A700311837 /* CLRConfigViewController.m in Sources */ = {isa = PBXBuildFile; fileRef = 41928B89168A04A700311837 /* CLRConfigViewController.m */; };
		41928B8D168A097400311837 /* CLRLoginViewController.m in Sources */ = {isa = PBXBuildFile; fileRef = 41928B8C168A097400311837 /* CLRLoginViewController.m */; };
		41928B90168A0CA900311837 /* CLRConsoleViewController.m in Sources */ = {isa = PBXBuildFile; fileRef = 41928B8F168A0CA900311837 /* CLRConsoleViewController.m */; };
		41A5FE6C168A26C1002AD223 /* SystemConfiguration.framework in Frameworks */ = {isa = PBXBuildFile; fileRef = 41A5FE6A168A26AA002AD223 /* SystemConfiguration.framework */; };
		41A5FE6F168A2702002AD223 /* MobileCoreServices.framework in Frameworks */ = {isa = PBXBuildFile; fileRef = 41A5FE6D168A26D4002AD223 /* MobileCoreServices.framework */; };
		41A5FE81168A3841002AD223 /* CLRConsole.m in Sources */ = {isa = PBXBuildFile; fileRef = 41A5FE80168A3841002AD223 /* CLRConsole.m */; };
		41A698BD16980CDC000010C9 /* CLRGRRetrieve.m in Sources */ = {isa = PBXBuildFile; fileRef = 41A698BC16980CDC000010C9 /* CLRGRRetrieve.m */; };
		41B8E60D1699C65500E7D51A /* CLROrdering.m in Sources */ = {isa = PBXBuildFile; fileRef = 41B8E60C1699C65500E7D51A /* CLROrdering.m */; };
		41B8E6101699C65600E7D51A /* CLRTag.m in Sources */ = {isa = PBXBuildFile; fileRef = 41B8E60F1699C65600E7D51A /* CLRTag.m */; };
		41B8E6131699C65700E7D51A /* CLRFeed.m in Sources */ = {isa = PBXBuildFile; fileRef = 41B8E6121699C65700E7D51A /* CLRFeed.m */; };
/* End PBXBuildFile section */

/* Begin PBXContainerItemProxy section */
		411215991681FF8900794F99 /* PBXContainerItemProxy */ = {
			isa = PBXContainerItemProxy;
			containerPortal = 411215581681FF8800794F99 /* Project object */;
			proxyType = 1;
			remoteGlobalIDString = 411215601681FF8800794F99;
			remoteInfo = plusReader;
		};
/* End PBXContainerItemProxy section */

/* Begin PBXFileReference section */
		411215611681FF8800794F99 /* plusReader.app */ = {isa = PBXFileReference; explicitFileType = wrapper.application; includeInIndex = 0; path = plusReader.app; sourceTree = BUILT_PRODUCTS_DIR; };
		411215651681FF8800794F99 /* UIKit.framework */ = {isa = PBXFileReference; lastKnownFileType = wrapper.framework; name = UIKit.framework; path = System/Library/Frameworks/UIKit.framework; sourceTree = SDKROOT; };
		411215671681FF8800794F99 /* Foundation.framework */ = {isa = PBXFileReference; lastKnownFileType = wrapper.framework; name = Foundation.framework; path = System/Library/Frameworks/Foundation.framework; sourceTree = SDKROOT; };
		411215691681FF8800794F99 /* CoreGraphics.framework */ = {isa = PBXFileReference; lastKnownFileType = wrapper.framework; name = CoreGraphics.framework; path = System/Library/Frameworks/CoreGraphics.framework; sourceTree = SDKROOT; };
		4112156B1681FF8800794F99 /* CoreData.framework */ = {isa = PBXFileReference; lastKnownFileType = wrapper.framework; name = CoreData.framework; path = System/Library/Frameworks/CoreData.framework; sourceTree = SDKROOT; };
		4112156F1681FF8800794F99 /* plusReader-Info.plist */ = {isa = PBXFileReference; lastKnownFileType = text.plist.xml; path = "plusReader-Info.plist"; sourceTree = "<group>"; };
		411215711681FF8800794F99 /* en */ = {isa = PBXFileReference; lastKnownFileType = text.plist.strings; name = en; path = en.lproj/InfoPlist.strings; sourceTree = "<group>"; };
		411215731681FF8800794F99 /* main.m */ = {isa = PBXFileReference; lastKnownFileType = sourcecode.c.objc; path = main.m; sourceTree = "<group>"; };
		411215751681FF8800794F99 /* plusReader-Prefix.pch */ = {isa = PBXFileReference; lastKnownFileType = sourcecode.c.h; path = "plusReader-Prefix.pch"; sourceTree = "<group>"; };
		411215761681FF8800794F99 /* CLRAppDelegate.h */ = {isa = PBXFileReference; lastKnownFileType = sourcecode.c.h; path = CLRAppDelegate.h; sourceTree = "<group>"; };
		411215771681FF8800794F99 /* CLRAppDelegate.m */ = {isa = PBXFileReference; lastKnownFileType = sourcecode.c.objc; path = CLRAppDelegate.m; sourceTree = "<group>"; };
		411215791681FF8800794F99 /* Default.png */ = {isa = PBXFileReference; lastKnownFileType = image.png; path = Default.png; sourceTree = "<group>"; };
		4112157B1681FF8800794F99 /* Default@2x.png */ = {isa = PBXFileReference; lastKnownFileType = image.png; path = "Default@2x.png"; sourceTree = "<group>"; };
		4112157D1681FF8800794F99 /* Default-568h@2x.png */ = {isa = PBXFileReference; lastKnownFileType = image.png; path = "Default-568h@2x.png"; sourceTree = "<group>"; };
		411215801681FF8800794F99 /* en */ = {isa = PBXFileReference; lastKnownFileType = file.storyboard; name = en; path = en.lproj/MainStoryboard_iPhone.storyboard; sourceTree = "<group>"; };
		411215831681FF8800794F99 /* en */ = {isa = PBXFileReference; lastKnownFileType = file.storyboard; name = en; path = en.lproj/MainStoryboard_iPad.storyboard; sourceTree = "<group>"; };
		411215861681FF8800794F99 /* plusReader.xcdatamodel */ = {isa = PBXFileReference; lastKnownFileType = wrapper.xcdatamodel; path = plusReader.xcdatamodel; sourceTree = "<group>"; };
		411215881681FF8800794F99 /* CLRMasterViewController.h */ = {isa = PBXFileReference; lastKnownFileType = sourcecode.c.h; path = CLRMasterViewController.h; sourceTree = "<group>"; };
		411215891681FF8800794F99 /* CLRMasterViewController.m */ = {isa = PBXFileReference; lastKnownFileType = sourcecode.c.objc; path = CLRMasterViewController.m; sourceTree = "<group>"; };
		4112158B1681FF8800794F99 /* CLRDetailViewController.h */ = {isa = PBXFileReference; lastKnownFileType = sourcecode.c.h; path = CLRDetailViewController.h; sourceTree = "<group>"; };
		4112158C1681FF8800794F99 /* CLRDetailViewController.m */ = {isa = PBXFileReference; lastKnownFileType = sourcecode.c.objc; path = CLRDetailViewController.m; sourceTree = "<group>"; };
		411215931681FF8900794F99 /* plusReaderTests.octest */ = {isa = PBXFileReference; explicitFileType = wrapper.cfbundle; includeInIndex = 0; path = plusReaderTests.octest; sourceTree = BUILT_PRODUCTS_DIR; };
		411215941681FF8900794F99 /* SenTestingKit.framework */ = {isa = PBXFileReference; lastKnownFileType = wrapper.framework; name = SenTestingKit.framework; path = Library/Frameworks/SenTestingKit.framework; sourceTree = DEVELOPER_DIR; };
		4112159D1681FF8900794F99 /* plusReaderTests-Info.plist */ = {isa = PBXFileReference; lastKnownFileType = text.plist.xml; path = "plusReaderTests-Info.plist"; sourceTree = "<group>"; };
		4112159F1681FF8900794F99 /* en */ = {isa = PBXFileReference; lastKnownFileType = text.plist.strings; name = en; path = en.lproj/InfoPlist.strings; sourceTree = "<group>"; };
		411215A11681FF8900794F99 /* plusReaderTests.h */ = {isa = PBXFileReference; lastKnownFileType = sourcecode.c.h; path = plusReaderTests.h; sourceTree = "<group>"; };
		411215A21681FF8900794F99 /* plusReaderTests.m */ = {isa = PBXFileReference; lastKnownFileType = sourcecode.c.objc; path = plusReaderTests.m; sourceTree = "<group>"; };
		416087C3168FC6F300BCDAEE /* AFHTTPClient.h */ = {isa = PBXFileReference; fileEncoding = 4; lastKnownFileType = sourcecode.c.h; path = AFHTTPClient.h; sourceTree = "<group>"; };
		416087C4168FC6F300BCDAEE /* AFHTTPClient.m */ = {isa = PBXFileReference; fileEncoding = 4; lastKnownFileType = sourcecode.c.objc; path = AFHTTPClient.m; sourceTree = "<group>"; };
		416087C5168FC6F300BCDAEE /* AFHTTPRequestOperation.h */ = {isa = PBXFileReference; fileEncoding = 4; lastKnownFileType = sourcecode.c.h; path = AFHTTPRequestOperation.h; sourceTree = "<group>"; };
		416087C6168FC6F300BCDAEE /* AFHTTPRequestOperation.m */ = {isa = PBXFileReference; fileEncoding = 4; lastKnownFileType = sourcecode.c.objc; path = AFHTTPRequestOperation.m; sourceTree = "<group>"; };
		416087C7168FC6F300BCDAEE /* AFImageRequestOperation.h */ = {isa = PBXFileReference; fileEncoding = 4; lastKnownFileType = sourcecode.c.h; path = AFImageRequestOperation.h; sourceTree = "<group>"; };
		416087C8168FC6F300BCDAEE /* AFImageRequestOperation.m */ = {isa = PBXFileReference; fileEncoding = 4; lastKnownFileType = sourcecode.c.objc; path = AFImageRequestOperation.m; sourceTree = "<group>"; };
		416087C9168FC6F300BCDAEE /* AFJSONRequestOperation.h */ = {isa = PBXFileReference; fileEncoding = 4; lastKnownFileType = sourcecode.c.h; path = AFJSONRequestOperation.h; sourceTree = "<group>"; };
		416087CA168FC6F300BCDAEE /* AFJSONRequestOperation.m */ = {isa = PBXFileReference; fileEncoding = 4; lastKnownFileType = sourcecode.c.objc; path = AFJSONRequestOperation.m; sourceTree = "<group>"; };
		416087CB168FC6F300BCDAEE /* AFNetworkActivityIndicatorManager.h */ = {isa = PBXFileReference; fileEncoding = 4; lastKnownFileType = sourcecode.c.h; path = AFNetworkActivityIndicatorManager.h; sourceTree = "<group>"; };
		416087CC168FC6F300BCDAEE /* AFNetworkActivityIndicatorManager.m */ = {isa = PBXFileReference; fileEncoding = 4; lastKnownFileType = sourcecode.c.objc; path = AFNetworkActivityIndicatorManager.m; sourceTree = "<group>"; };
		416087CD168FC6F300BCDAEE /* AFNetworking.h */ = {isa = PBXFileReference; fileEncoding = 4; lastKnownFileType = sourcecode.c.h; path = AFNetworking.h; sourceTree = "<group>"; };
		416087CE168FC6F300BCDAEE /* AFPropertyListRequestOperation.h */ = {isa = PBXFileReference; fileEncoding = 4; lastKnownFileType = sourcecode.c.h; path = AFPropertyListRequestOperation.h; sourceTree = "<group>"; };
		416087CF168FC6F300BCDAEE /* AFPropertyListRequestOperation.m */ = {isa = PBXFileReference; fileEncoding = 4; lastKnownFileType = sourcecode.c.objc; path = AFPropertyListRequestOperation.m; sourceTree = "<group>"; };
		416087D0168FC6F300BCDAEE /* AFURLConnectionOperation.h */ = {isa = PBXFileReference; fileEncoding = 4; lastKnownFileType = sourcecode.c.h; path = AFURLConnectionOperation.h; sourceTree = "<group>"; };
		416087D1168FC6F300BCDAEE /* AFURLConnectionOperation.m */ = {isa = PBXFileReference; fileEncoding = 4; lastKnownFileType = sourcecode.c.objc; path = AFURLConnectionOperation.m; sourceTree = "<group>"; };
		416087D2168FC6F300BCDAEE /* AFXMLRequestOperation.h */ = {isa = PBXFileReference; fileEncoding = 4; lastKnownFileType = sourcecode.c.h; path = AFXMLRequestOperation.h; sourceTree = "<group>"; };
		416087D3168FC6F300BCDAEE /* AFXMLRequestOperation.m */ = {isa = PBXFileReference; fileEncoding = 4; lastKnownFileType = sourcecode.c.objc; path = AFXMLRequestOperation.m; sourceTree = "<group>"; };
		416087D4168FC6F300BCDAEE /* UIImageView+AFNetworking.h */ = {isa = PBXFileReference; fileEncoding = 4; lastKnownFileType = sourcecode.c.h; path = "UIImageView+AFNetworking.h"; sourceTree = "<group>"; };
		416087D5168FC6F300BCDAEE /* UIImageView+AFNetworking.m */ = {isa = PBXFileReference; fileEncoding = 4; lastKnownFileType = sourcecode.c.objc; path = "UIImageView+AFNetworking.m"; sourceTree = "<group>"; };
		416087E0168FC70300BCDAEE /* AFOAuth2Client.h */ = {isa = PBXFileReference; fileEncoding = 4; lastKnownFileType = sourcecode.c.h; path = AFOAuth2Client.h; sourceTree = "<group>"; };
		416087E1168FC70300BCDAEE /* AFOAuth2Client.m */ = {isa = PBXFileReference; fileEncoding = 4; lastKnownFileType = sourcecode.c.objc; path = AFOAuth2Client.m; sourceTree = "<group>"; };
		416087E4168FC71200BCDAEE /* AFHTTPRequestOperationLogger.h */ = {isa = PBXFileReference; fileEncoding = 4; lastKnownFileType = sourcecode.c.h; path = AFHTTPRequestOperationLogger.h; sourceTree = "<group>"; };
		416087E5168FC71200BCDAEE /* AFHTTPRequestOperationLogger.m */ = {isa = PBXFileReference; fileEncoding = 4; lastKnownFileType = sourcecode.c.objc; path = AFHTTPRequestOperationLogger.m; sourceTree = "<group>"; };
		416087ED168FC86900BCDAEE /* Security.framework */ = {isa = PBXFileReference; lastKnownFileType = wrapper.framework; name = Security.framework; path = System/Library/Frameworks/Security.framework; sourceTree = SDKROOT; };
		4171D81C16A05F2000B15D36 /* CLRStreamList.h */ = {isa = PBXFileReference; fileEncoding = 4; lastKnownFileType = sourcecode.c.h; path = CLRStreamList.h; sourceTree = "<group>"; };
		4171D81D16A05F2000B15D36 /* CLRStreamList.m */ = {isa = PBXFileReference; fileEncoding = 4; lastKnownFileType = sourcecode.c.objc; path = CLRStreamList.m; sourceTree = "<group>"; };
		4171D81F16A05F2000B15D36 /* CLRList.h */ = {isa = PBXFileReference; fileEncoding = 4; lastKnownFileType = sourcecode.c.h; path = CLRList.h; sourceTree = "<group>"; };
		4171D82016A05F2000B15D36 /* CLRList.m */ = {isa = PBXFileReference; fileEncoding = 4; lastKnownFileType = sourcecode.c.objc; path = CLRList.m; sourceTree = "<group>"; };
		4171D82216A05F2100B15D36 /* CLRItemList.h */ = {isa = PBXFileReference; fileEncoding = 4; lastKnownFileType = sourcecode.c.h; path = CLRItemList.h; sourceTree = "<group>"; };
		4171D82316A05F2100B15D36 /* CLRItemList.m */ = {isa = PBXFileReference; fileEncoding = 4; lastKnownFileType = sourcecode.c.objc; path = CLRItemList.m; sourceTree = "<group>"; };
		41766996168FDAFD00C33609 /* GAI.h */ = {isa = PBXFileReference; fileEncoding = 4; lastKnownFileType = sourcecode.c.h; name = GAI.h; path = ../ThirdParty/GoogleAnalyticsSDK/GAI.h; sourceTree = "<group>"; };
		41766997168FDAFD00C33609 /* GAITrackedViewController.h */ = {isa = PBXFileReference; fileEncoding = 4; lastKnownFileType = sourcecode.c.h; name = GAITrackedViewController.h; path = ../ThirdParty/GoogleAnalyticsSDK/GAITrackedViewController.h; sourceTree = "<group>"; };
		41766998168FDAFD00C33609 /* GAITracker.h */ = {isa = PBXFileReference; fileEncoding = 4; lastKnownFileType = sourcecode.c.h; name = GAITracker.h; path = ../ThirdParty/GoogleAnalyticsSDK/GAITracker.h; sourceTree = "<group>"; };
		41766999168FDAFD00C33609 /* GAITransaction.h */ = {isa = PBXFileReference; fileEncoding = 4; lastKnownFileType = sourcecode.c.h; name = GAITransaction.h; path = ../ThirdParty/GoogleAnalyticsSDK/GAITransaction.h; sourceTree = "<group>"; };
		4176699A168FDAFD00C33609 /* GAITransactionItem.h */ = {isa = PBXFileReference; fileEncoding = 4; lastKnownFileType = sourcecode.c.h; name = GAITransactionItem.h; path = ../ThirdParty/GoogleAnalyticsSDK/GAITransactionItem.h; sourceTree = "<group>"; };
		4176699B168FDAFD00C33609 /* libGoogleAnalytics_debug.a */ = {isa = PBXFileReference; lastKnownFileType = archive.ar; name = libGoogleAnalytics_debug.a; path = ../ThirdParty/GoogleAnalyticsSDK/libGoogleAnalytics_debug.a; sourceTree = "<group>"; };
		4176699C168FDAFD00C33609 /* libGoogleAnalytics.a */ = {isa = PBXFileReference; lastKnownFileType = archive.ar; name = libGoogleAnalytics.a; path = ../ThirdParty/GoogleAnalyticsSDK/libGoogleAnalytics.a; sourceTree = "<group>"; };
		41768513169091B700A29A6D /* Icon.png */ = {isa = PBXFileReference; lastKnownFileType = image.png; name = Icon.png; path = ../Icon.png; sourceTree = "<group>"; };
		41768515169091BE00A29A6D /* Icon@2x.png */ = {isa = PBXFileReference; lastKnownFileType = image.png; name = "Icon@2x.png"; path = "../Icon@2x.png"; sourceTree = "<group>"; };
		41768517169091DB00A29A6D /* Icon-72.png */ = {isa = PBXFileReference; lastKnownFileType = image.png; name = "Icon-72.png"; path = "../Icon-72.png"; sourceTree = "<group>"; };
		41768519169091DF00A29A6D /* Icon-72@2x.png */ = {isa = PBXFileReference; lastKnownFileType = image.png; name = "Icon-72@2x.png"; path = "../Icon-72@2x.png"; sourceTree = "<group>"; };
		41795C13169F80EC00140DBC /* CLRStream.h */ = {isa = PBXFileReference; fileEncoding = 4; lastKnownFileType = sourcecode.c.h; path = CLRStream.h; sourceTree = "<group>"; };
		41795C14169F80EC00140DBC /* CLRStream.m */ = {isa = PBXFileReference; fileEncoding = 4; lastKnownFileType = sourcecode.c.objc; path = CLRStream.m; sourceTree = "<group>"; };
		41795C1F169F80EE00140DBC /* CLRItem.h */ = {isa = PBXFileReference; fileEncoding = 4; lastKnownFileType = sourcecode.c.h; path = CLRItem.h; sourceTree = "<group>"; };
		41795C20169F80EE00140DBC /* CLRItem.m */ = {isa = PBXFileReference; fileEncoding = 4; lastKnownFileType = sourcecode.c.objc; path = CLRItem.m; sourceTree = "<group>"; };
		418329BB1690085E00B045ED /* CLRBrowserView.h */ = {isa = PBXFileReference; fileEncoding = 4; lastKnownFileType = sourcecode.c.h; path = CLRBrowserView.h; sourceTree = "<group>"; };
		418329BC1690085E00B045ED /* CLRBrowserView.m */ = {isa = PBXFileReference; fileEncoding = 4; lastKnownFileType = sourcecode.c.objc; path = CLRBrowserView.m; sourceTree = "<group>"; };
		41928B88168A04A700311837 /* CLRConfigViewController.h */ = {isa = PBXFileReference; fileEncoding = 4; lastKnownFileType = sourcecode.c.h; path = CLRConfigViewController.h; sourceTree = "<group>"; };
		41928B89168A04A700311837 /* CLRConfigViewController.m */ = {isa = PBXFileReference; fileEncoding = 4; lastKnownFileType = sourcecode.c.objc; path = CLRConfigViewController.m; sourceTree = "<group>"; };
		41928B8B168A097400311837 /* CLRLoginViewController.h */ = {isa = PBXFileReference; fileEncoding = 4; lastKnownFileType = sourcecode.c.h; path = CLRLoginViewController.h; sourceTree = "<group>"; };
		41928B8C168A097400311837 /* CLRLoginViewController.m */ = {isa = PBXFileReference; fileEncoding = 4; lastKnownFileType = sourcecode.c.objc; path = CLRLoginViewController.m; sourceTree = "<group>"; };
		41928B8E168A0CA900311837 /* CLRConsoleViewController.h */ = {isa = PBXFileReference; fileEncoding = 4; lastKnownFileType = sourcecode.c.h; path = CLRConsoleViewController.h; sourceTree = "<group>"; };
		41928B8F168A0CA900311837 /* CLRConsoleViewController.m */ = {isa = PBXFileReference; fileEncoding = 4; lastKnownFileType = sourcecode.c.objc; path = CLRConsoleViewController.m; sourceTree = "<group>"; };
		41A5FE6A168A26AA002AD223 /* SystemConfiguration.framework */ = {isa = PBXFileReference; lastKnownFileType = wrapper.framework; name = SystemConfiguration.framework; path = System/Library/Frameworks/SystemConfiguration.framework; sourceTree = SDKROOT; };
		41A5FE6D168A26D4002AD223 /* MobileCoreServices.framework */ = {isa = PBXFileReference; lastKnownFileType = wrapper.framework; name = MobileCoreServices.framework; path = System/Library/Frameworks/MobileCoreServices.framework; sourceTree = SDKROOT; };
		41A5FE74168A27C2002AD223 /* CLRGoogleOAuth.h */ = {isa = PBXFileReference; lastKnownFileType = sourcecode.c.h; path = CLRGoogleOAuth.h; sourceTree = "<group>"; };
		41A5FE7D168A3688002AD223 /* CLRConsole.h */ = {isa = PBXFileReference; lastKnownFileType = sourcecode.c.h; path = CLRConsole.h; sourceTree = "<group>"; };
		41A5FE80168A3841002AD223 /* CLRConsole.m */ = {isa = PBXFileReference; fileEncoding = 4; lastKnownFileType = sourcecode.c.objc; path = CLRConsole.m; sourceTree = "<group>"; };
		41A698BB16980CDC000010C9 /* CLRGRRetrieve.h */ = {isa = PBXFileReference; fileEncoding = 4; lastKnownFileType = sourcecode.c.h; path = CLRGRRetrieve.h; sourceTree = "<group>"; };
		41A698BC16980CDC000010C9 /* CLRGRRetrieve.m */ = {isa = PBXFileReference; fileEncoding = 4; lastKnownFileType = sourcecode.c.objc; path = CLRGRRetrieve.m; sourceTree = "<group>"; };
		41B8E60B1699C65500E7D51A /* CLROrdering.h */ = {isa = PBXFileReference; fileEncoding = 4; lastKnownFileType = sourcecode.c.h; path = CLROrdering.h; sourceTree = "<group>"; };
		41B8E60C1699C65500E7D51A /* CLROrdering.m */ = {isa = PBXFileReference; fileEncoding = 4; lastKnownFileType = sourcecode.c.objc; path = CLROrdering.m; sourceTree = "<group>"; };
		41B8E60E1699C65600E7D51A /* CLRTag.h */ = {isa = PBXFileReference; fileEncoding = 4; lastKnownFileType = sourcecode.c.h; path = CLRTag.h; sourceTree = "<group>"; };
		41B8E60F1699C65600E7D51A /* CLRTag.m */ = {isa = PBXFileReference; fileEncoding = 4; lastKnownFileType = sourcecode.c.objc; path = CLRTag.m; sourceTree = "<group>"; };
		41B8E6111699C65700E7D51A /* CLRFeed.h */ = {isa = PBXFileReference; fileEncoding = 4; lastKnownFileType = sourcecode.c.h; path = CLRFeed.h; sourceTree = "<group>"; };
		41B8E6121699C65700E7D51A /* CLRFeed.m */ = {isa = PBXFileReference; fileEncoding = 4; lastKnownFileType = sourcecode.c.objc; path = CLRFeed.m; sourceTree = "<group>"; };
/* End PBXFileReference section */

/* Begin PBXFrameworksBuildPhase section */
		4112155E1681FF8800794F99 /* Frameworks */ = {
			isa = PBXFrameworksBuildPhase;
			buildActionMask = 2147483647;
			files = (
				411215661681FF8800794F99 /* UIKit.framework in Frameworks */,
				411215681681FF8800794F99 /* Foundation.framework in Frameworks */,
				4112156A1681FF8800794F99 /* CoreGraphics.framework in Frameworks */,
				4112156C1681FF8800794F99 /* CoreData.framework in Frameworks */,
				41A5FE6C168A26C1002AD223 /* SystemConfiguration.framework in Frameworks */,
				41A5FE6F168A2702002AD223 /* MobileCoreServices.framework in Frameworks */,
				416087EF168FC88400BCDAEE /* Security.framework in Frameworks */,
				4176699D168FDAFD00C33609 /* libGoogleAnalytics_debug.a in Frameworks */,
				4176699E168FDAFD00C33609 /* libGoogleAnalytics.a in Frameworks */,
			);
			runOnlyForDeploymentPostprocessing = 0;
		};
		4112158F1681FF8900794F99 /* Frameworks */ = {
			isa = PBXFrameworksBuildPhase;
			buildActionMask = 2147483647;
			files = (
				411215951681FF8900794F99 /* SenTestingKit.framework in Frameworks */,
				411215961681FF8900794F99 /* UIKit.framework in Frameworks */,
				411215971681FF8900794F99 /* Foundation.framework in Frameworks */,
				411215981681FF8900794F99 /* CoreData.framework in Frameworks */,
			);
			runOnlyForDeploymentPostprocessing = 0;
		};
/* End PBXFrameworksBuildPhase section */

/* Begin PBXGroup section */
		411215561681FF8800794F99 = {
			isa = PBXGroup;
			children = (
				4112156D1681FF8800794F99 /* plusReader */,
				4112159B1681FF8900794F99 /* plusReaderTests */,
				411215641681FF8800794F99 /* Frameworks */,
				411215621681FF8800794F99 /* Products */,
			);
			sourceTree = "<group>";
		};
		411215621681FF8800794F99 /* Products */ = {
			isa = PBXGroup;
			children = (
				411215611681FF8800794F99 /* plusReader.app */,
				411215931681FF8900794F99 /* plusReaderTests.octest */,
			);
			name = Products;
			sourceTree = "<group>";
		};
		411215641681FF8800794F99 /* Frameworks */ = {
			isa = PBXGroup;
			children = (
				41A5FE39168A261B002AD223 /* AFNetworking */,
				41766995168FDAE200C33609 /* GoogleAnalyticsSDK */,
				411215651681FF8800794F99 /* UIKit.framework */,
				411215671681FF8800794F99 /* Foundation.framework */,
				411215691681FF8800794F99 /* CoreGraphics.framework */,
				4112156B1681FF8800794F99 /* CoreData.framework */,
				411215941681FF8900794F99 /* SenTestingKit.framework */,
				41A5FE6A168A26AA002AD223 /* SystemConfiguration.framework */,
				41A5FE6D168A26D4002AD223 /* MobileCoreServices.framework */,
				416087ED168FC86900BCDAEE /* Security.framework */,
			);
			name = Frameworks;
			sourceTree = "<group>";
		};
		4112156D1681FF8800794F99 /* plusReader */ = {
			isa = PBXGroup;
			children = (
				4112157F1681FF8800794F99 /* MainStoryboard_iPhone.storyboard */,
				411215821681FF8800794F99 /* MainStoryboard_iPad.storyboard */,
				4176699F168FDB4500C33609 /* Common */,
				418329BE1690086D00B045ED /* Views */,
				41A698BE1698115A000010C9 /* Models */,
				41EA87D4168A2250002BE6E0 /* Controllers */,
				4112156E1681FF8800794F99 /* Supporting Files */,
			);
			path = plusReader;
			sourceTree = "<group>";
		};
		4112156E1681FF8800794F99 /* Supporting Files */ = {
			isa = PBXGroup;
			children = (
				41768519169091DF00A29A6D /* Icon-72@2x.png */,
				41768517169091DB00A29A6D /* Icon-72.png */,
				41768515169091BE00A29A6D /* Icon@2x.png */,
				41768513169091B700A29A6D /* Icon.png */,
				4112156F1681FF8800794F99 /* plusReader-Info.plist */,
				411215701681FF8800794F99 /* InfoPlist.strings */,
				411215731681FF8800794F99 /* main.m */,
				411215751681FF8800794F99 /* plusReader-Prefix.pch */,
				411215791681FF8800794F99 /* Default.png */,
				4112157B1681FF8800794F99 /* Default@2x.png */,
				4112157D1681FF8800794F99 /* Default-568h@2x.png */,
			);
			name = "Supporting Files";
			sourceTree = "<group>";
		};
		4112159B1681FF8900794F99 /* plusReaderTests */ = {
			isa = PBXGroup;
			children = (
				411215A11681FF8900794F99 /* plusReaderTests.h */,
				411215A21681FF8900794F99 /* plusReaderTests.m */,
				4112159C1681FF8900794F99 /* Supporting Files */,
			);
			path = plusReaderTests;
			sourceTree = "<group>";
		};
		4112159C1681FF8900794F99 /* Supporting Files */ = {
			isa = PBXGroup;
			children = (
				4112159D1681FF8900794F99 /* plusReaderTests-Info.plist */,
				4112159E1681FF8900794F99 /* InfoPlist.strings */,
			);
			name = "Supporting Files";
			sourceTree = "<group>";
		};
		416087C2168FC6F300BCDAEE /* AFNetworking */ = {
			isa = PBXGroup;
			children = (
				416087C3168FC6F300BCDAEE /* AFHTTPClient.h */,
				416087C4168FC6F300BCDAEE /* AFHTTPClient.m */,
				416087C5168FC6F300BCDAEE /* AFHTTPRequestOperation.h */,
				416087C6168FC6F300BCDAEE /* AFHTTPRequestOperation.m */,
				416087C7168FC6F300BCDAEE /* AFImageRequestOperation.h */,
				416087C8168FC6F300BCDAEE /* AFImageRequestOperation.m */,
				416087C9168FC6F300BCDAEE /* AFJSONRequestOperation.h */,
				416087CA168FC6F300BCDAEE /* AFJSONRequestOperation.m */,
				416087CB168FC6F300BCDAEE /* AFNetworkActivityIndicatorManager.h */,
				416087CC168FC6F300BCDAEE /* AFNetworkActivityIndicatorManager.m */,
				416087CD168FC6F300BCDAEE /* AFNetworking.h */,
				416087CE168FC6F300BCDAEE /* AFPropertyListRequestOperation.h */,
				416087CF168FC6F300BCDAEE /* AFPropertyListRequestOperation.m */,
				416087D0168FC6F300BCDAEE /* AFURLConnectionOperation.h */,
				416087D1168FC6F300BCDAEE /* AFURLConnectionOperation.m */,
				416087D2168FC6F300BCDAEE /* AFXMLRequestOperation.h */,
				416087D3168FC6F300BCDAEE /* AFXMLRequestOperation.m */,
				416087D4168FC6F300BCDAEE /* UIImageView+AFNetworking.h */,
				416087D5168FC6F300BCDAEE /* UIImageView+AFNetworking.m */,
			);
			name = AFNetworking;
			path = ../ThirdParty/AFNetworking/AFNetworking;
			sourceTree = "<group>";
		};
		416087DF168FC70300BCDAEE /* AFOAuth2Client */ = {
			isa = PBXGroup;
			children = (
				416087E0168FC70300BCDAEE /* AFOAuth2Client.h */,
				416087E1168FC70300BCDAEE /* AFOAuth2Client.m */,
			);
			name = AFOAuth2Client;
			path = ../ThirdParty/AFOAuth2Client/AFOAuth2Client;
			sourceTree = "<group>";
		};
		416087E3168FC71200BCDAEE /* AFHTTPRequestOperationLogger */ = {
			isa = PBXGroup;
			children = (
				416087E4168FC71200BCDAEE /* AFHTTPRequestOperationLogger.h */,
				416087E5168FC71200BCDAEE /* AFHTTPRequestOperationLogger.m */,
			);
			name = AFHTTPRequestOperationLogger;
			path = ../ThirdParty/AFHTTPRequestOperationLogger;
			sourceTree = "<group>";
		};
		41766995168FDAE200C33609 /* GoogleAnalyticsSDK */ = {
			isa = PBXGroup;
			children = (
				41766996168FDAFD00C33609 /* GAI.h */,
				41766997168FDAFD00C33609 /* GAITrackedViewController.h */,
				41766998168FDAFD00C33609 /* GAITracker.h */,
				41766999168FDAFD00C33609 /* GAITransaction.h */,
				4176699A168FDAFD00C33609 /* GAITransactionItem.h */,
				4176699B168FDAFD00C33609 /* libGoogleAnalytics_debug.a */,
				4176699C168FDAFD00C33609 /* libGoogleAnalytics.a */,
			);
			name = GoogleAnalyticsSDK;
			sourceTree = "<group>";
		};
		4176699F168FDB4500C33609 /* Common */ = {
			isa = PBXGroup;
			children = (
				41A5FE7D168A3688002AD223 /* CLRConsole.h */,
				41A5FE80168A3841002AD223 /* CLRConsole.m */,
				411215761681FF8800794F99 /* CLRAppDelegate.h */,
				411215771681FF8800794F99 /* CLRAppDelegate.m */,
				41A5FE74168A27C2002AD223 /* CLRGoogleOAuth.h */,
			);
			name = Common;
			sourceTree = "<group>";
		};
		418329BE1690086D00B045ED /* Views */ = {
			isa = PBXGroup;
			children = (
				418329BB1690085E00B045ED /* CLRBrowserView.h */,
				418329BC1690085E00B045ED /* CLRBrowserView.m */,
			);
			name = Views;
			sourceTree = "<group>";
		};
		41A5FE39168A261B002AD223 /* AFNetworking */ = {
			isa = PBXGroup;
			children = (
				416087C2168FC6F300BCDAEE /* AFNetworking */,
				416087DF168FC70300BCDAEE /* AFOAuth2Client */,
				416087E3168FC71200BCDAEE /* AFHTTPRequestOperationLogger */,
			);
			name = AFNetworking;
			sourceTree = "<group>";
		};
		41A698BE1698115A000010C9 /* Models */ = {
			isa = PBXGroup;
			children = (
				41B8E6141699CEE700E7D51A /* Objects */,
				41A698BB16980CDC000010C9 /* CLRGRRetrieve.h */,
				41A698BC16980CDC000010C9 /* CLRGRRetrieve.m */,
			);
			name = Models;
			sourceTree = "<group>";
		};
		41B8E6141699CEE700E7D51A /* Objects */ = {
			isa = PBXGroup;
			children = (
				411215851681FF8800794F99 /* plusReader.xcdatamodeld */,
				4171D81F16A05F2000B15D36 /* CLRList.h */,
				4171D82016A05F2000B15D36 /* CLRList.m */,
				4171D82216A05F2100B15D36 /* CLRItemList.h */,
				4171D82316A05F2100B15D36 /* CLRItemList.m */,
				4171D81C16A05F2000B15D36 /* CLRStreamList.h */,
				4171D81D16A05F2000B15D36 /* CLRStreamList.m */,
				41795C1F169F80EE00140DBC /* CLRItem.h */,
				41795C20169F80EE00140DBC /* CLRItem.m */,
				41795C13169F80EC00140DBC /* CLRStream.h */,
				41795C14169F80EC00140DBC /* CLRStream.m */,
				41B8E60E1699C65600E7D51A /* CLRTag.h */,
				41B8E60F1699C65600E7D51A /* CLRTag.m */,
				41B8E6111699C65700E7D51A /* CLRFeed.h */,
				41B8E6121699C65700E7D51A /* CLRFeed.m */,
				41B8E60B1699C65500E7D51A /* CLROrdering.h */,
				41B8E60C1699C65500E7D51A /* CLROrdering.m */,
			);
			name = Objects;
			sourceTree = "<group>";
		};
		41EA87D4168A2250002BE6E0 /* Controllers */ = {
			isa = PBXGroup;
			children = (
				41928B88168A04A700311837 /* CLRConfigViewController.h */,
				41928B89168A04A700311837 /* CLRConfigViewController.m */,
				41928B8B168A097400311837 /* CLRLoginViewController.h */,
				41928B8C168A097400311837 /* CLRLoginViewController.m */,
				41928B8E168A0CA900311837 /* CLRConsoleViewController.h */,
				41928B8F168A0CA900311837 /* CLRConsoleViewController.m */,
				411215881681FF8800794F99 /* CLRMasterViewController.h */,
				411215891681FF8800794F99 /* CLRMasterViewController.m */,
				4112158B1681FF8800794F99 /* CLRDetailViewController.h */,
				4112158C1681FF8800794F99 /* CLRDetailViewController.m */,
			);
			name = Controllers;
			sourceTree = "<group>";
		};
/* End PBXGroup section */

/* Begin PBXNativeTarget section */
		411215601681FF8800794F99 /* plusReader */ = {
			isa = PBXNativeTarget;
			buildConfigurationList = 411215A61681FF8900794F99 /* Build configuration list for PBXNativeTarget "plusReader" */;
			buildPhases = (
				4112155D1681FF8800794F99 /* Sources */,
				4112155E1681FF8800794F99 /* Frameworks */,
				4112155F1681FF8800794F99 /* Resources */,
				4139B8CD168FF45B00D3C8AD /* ShellScript */,
			);
			buildRules = (
			);
			dependencies = (
			);
			name = plusReader;
			productName = plusReader;
			productReference = 411215611681FF8800794F99 /* plusReader.app */;
			productType = "com.apple.product-type.application";
		};
		411215921681FF8900794F99 /* plusReaderTests */ = {
			isa = PBXNativeTarget;
			buildConfigurationList = 411215A91681FF8900794F99 /* Build configuration list for PBXNativeTarget "plusReaderTests" */;
			buildPhases = (
				4112158E1681FF8900794F99 /* Sources */,
				4112158F1681FF8900794F99 /* Frameworks */,
				411215901681FF8900794F99 /* Resources */,
				411215911681FF8900794F99 /* ShellScript */,
			);
			buildRules = (
			);
			dependencies = (
				4112159A1681FF8900794F99 /* PBXTargetDependency */,
			);
			name = plusReaderTests;
			productName = plusReaderTests;
			productReference = 411215931681FF8900794F99 /* plusReaderTests.octest */;
			productType = "com.apple.product-type.bundle";
		};
/* End PBXNativeTarget section */

/* Begin PBXProject section */
		411215581681FF8800794F99 /* Project object */ = {
			isa = PBXProject;
			attributes = {
				CLASSPREFIX = CLR;
				LastUpgradeCheck = 0450;
				ORGANIZATIONNAME = cloudliner.jp;
			};
			buildConfigurationList = 4112155B1681FF8800794F99 /* Build configuration list for PBXProject "plusReader" */;
			compatibilityVersion = "Xcode 3.2";
			developmentRegion = English;
			hasScannedForEncodings = 0;
			knownRegions = (
				en,
			);
			mainGroup = 411215561681FF8800794F99;
			productRefGroup = 411215621681FF8800794F99 /* Products */;
			projectDirPath = "";
			projectRoot = "";
			targets = (
				411215601681FF8800794F99 /* plusReader */,
				411215921681FF8900794F99 /* plusReaderTests */,
			);
		};
/* End PBXProject section */

/* Begin PBXResourcesBuildPhase section */
		4112155F1681FF8800794F99 /* Resources */ = {
			isa = PBXResourcesBuildPhase;
			buildActionMask = 2147483647;
			files = (
				411215721681FF8800794F99 /* InfoPlist.strings in Resources */,
				4112157A1681FF8800794F99 /* Default.png in Resources */,
				4112157C1681FF8800794F99 /* Default@2x.png in Resources */,
				4112157E1681FF8800794F99 /* Default-568h@2x.png in Resources */,
				411215811681FF8800794F99 /* MainStoryboard_iPhone.storyboard in Resources */,
				411215841681FF8800794F99 /* MainStoryboard_iPad.storyboard in Resources */,
				41768514169091B700A29A6D /* Icon.png in Resources */,
				41768516169091BE00A29A6D /* Icon@2x.png in Resources */,
				41768518169091DB00A29A6D /* Icon-72.png in Resources */,
				4176851A169091DF00A29A6D /* Icon-72@2x.png in Resources */,
			);
			runOnlyForDeploymentPostprocessing = 0;
		};
		411215901681FF8900794F99 /* Resources */ = {
			isa = PBXResourcesBuildPhase;
			buildActionMask = 2147483647;
			files = (
				411215A01681FF8900794F99 /* InfoPlist.strings in Resources */,
			);
			runOnlyForDeploymentPostprocessing = 0;
		};
/* End PBXResourcesBuildPhase section */

/* Begin PBXShellScriptBuildPhase section */
		411215911681FF8900794F99 /* ShellScript */ = {
			isa = PBXShellScriptBuildPhase;
			buildActionMask = 2147483647;
			files = (
			);
			inputPaths = (
			);
			outputPaths = (
			);
			runOnlyForDeploymentPostprocessing = 0;
			shellPath = /bin/sh;
			shellScript = "# Run the unit tests in this test bundle.\n\"${SYSTEM_DEVELOPER_DIR}/Tools/RunUnitTests\"\n";
		};
		4139B8CD168FF45B00D3C8AD /* ShellScript */ = {
			isa = PBXShellScriptBuildPhase;
			buildActionMask = 2147483647;
			files = (
			);
			inputPaths = (
			);
			outputPaths = (
			);
			runOnlyForDeploymentPostprocessing = 0;
			shellPath = /bin/sh;
			shellScript = "KEYWORDS=\"TODO:|FIXME:|\\?\\?\\?:|\\!\\!\\!:\"\nfind ${SRCROOT} \\( -name \"*.h\" -or -name \"*.m\" \\) -print0 | \\\nxargs -0 egrep --with-filename --line-number --only-matching \"($KEYWORDS).*\\$\" | \\\nperl -p -e \"s/($KEYWORDS)/ warning: \\$1/\"";
		};
/* End PBXShellScriptBuildPhase section */

/* Begin PBXSourcesBuildPhase section */
		4112155D1681FF8800794F99 /* Sources */ = {
			isa = PBXSourcesBuildPhase;
			buildActionMask = 2147483647;
			files = (
				411215741681FF8800794F99 /* main.m in Sources */,
				411215781681FF8800794F99 /* CLRAppDelegate.m in Sources */,
				411215871681FF8800794F99 /* plusReader.xcdatamodeld in Sources */,
				4112158A1681FF8800794F99 /* CLRMasterViewController.m in Sources */,
				4112158D1681FF8800794F99 /* CLRDetailViewController.m in Sources */,
				41928B8A168A04A700311837 /* CLRConfigViewController.m in Sources */,
				41928B8D168A097400311837 /* CLRLoginViewController.m in Sources */,
				41928B90168A0CA900311837 /* CLRConsoleViewController.m in Sources */,
				41A5FE81168A3841002AD223 /* CLRConsole.m in Sources */,
				416087D6168FC6F300BCDAEE /* AFHTTPClient.m in Sources */,
				416087D7168FC6F300BCDAEE /* AFHTTPRequestOperation.m in Sources */,
				416087D8168FC6F300BCDAEE /* AFImageRequestOperation.m in Sources */,
				416087D9168FC6F300BCDAEE /* AFJSONRequestOperation.m in Sources */,
				416087DA168FC6F300BCDAEE /* AFNetworkActivityIndicatorManager.m in Sources */,
				416087DB168FC6F300BCDAEE /* AFPropertyListRequestOperation.m in Sources */,
				416087DC168FC6F300BCDAEE /* AFURLConnectionOperation.m in Sources */,
				416087DD168FC6F300BCDAEE /* AFXMLRequestOperation.m in Sources */,
				416087DE168FC6F300BCDAEE /* UIImageView+AFNetworking.m in Sources */,
				416087E2168FC70300BCDAEE /* AFOAuth2Client.m in Sources */,
				416087E9168FC71200BCDAEE /* AFHTTPRequestOperationLogger.m in Sources */,
				418329BD1690085E00B045ED /* CLRBrowserView.m in Sources */,
				41A698BD16980CDC000010C9 /* CLRGRRetrieve.m in Sources */,
				41B8E60D1699C65500E7D51A /* CLROrdering.m in Sources */,
				41B8E6101699C65600E7D51A /* CLRTag.m in Sources */,
				41B8E6131699C65700E7D51A /* CLRFeed.m in Sources */,
				41795C15169F80EC00140DBC /* CLRStream.m in Sources */,
				41795C21169F80EE00140DBC /* CLRItem.m in Sources */,
				4171D81E16A05F2000B15D36 /* CLRStreamList.m in Sources */,
				4171D82116A05F2000B15D36 /* CLRList.m in Sources */,
				4171D82416A05F2100B15D36 /* CLRItemList.m in Sources */,
			);
			runOnlyForDeploymentPostprocessing = 0;
		};
		4112158E1681FF8900794F99 /* Sources */ = {
			isa = PBXSourcesBuildPhase;
			buildActionMask = 2147483647;
			files = (
				411215A31681FF8900794F99 /* plusReaderTests.m in Sources */,
			);
			runOnlyForDeploymentPostprocessing = 0;
		};
/* End PBXSourcesBuildPhase section */

/* Begin PBXTargetDependency section */
		4112159A1681FF8900794F99 /* PBXTargetDependency */ = {
			isa = PBXTargetDependency;
			target = 411215601681FF8800794F99 /* plusReader */;
			targetProxy = 411215991681FF8900794F99 /* PBXContainerItemProxy */;
		};
/* End PBXTargetDependency section */

/* Begin PBXVariantGroup section */
		411215701681FF8800794F99 /* InfoPlist.strings */ = {
			isa = PBXVariantGroup;
			children = (
				411215711681FF8800794F99 /* en */,
			);
			name = InfoPlist.strings;
			sourceTree = "<group>";
		};
		4112157F1681FF8800794F99 /* MainStoryboard_iPhone.storyboard */ = {
			isa = PBXVariantGroup;
			children = (
				411215801681FF8800794F99 /* en */,
			);
			name = MainStoryboard_iPhone.storyboard;
			sourceTree = "<group>";
		};
		411215821681FF8800794F99 /* MainStoryboard_iPad.storyboard */ = {
			isa = PBXVariantGroup;
			children = (
				411215831681FF8800794F99 /* en */,
			);
			name = MainStoryboard_iPad.storyboard;
			sourceTree = "<group>";
		};
		4112159E1681FF8900794F99 /* InfoPlist.strings */ = {
			isa = PBXVariantGroup;
			children = (
				4112159F1681FF8900794F99 /* en */,
			);
			name = InfoPlist.strings;
			sourceTree = "<group>";
		};
/* End PBXVariantGroup section */

/* Begin XCBuildConfiguration section */
		411215A41681FF8900794F99 /* Debug */ = {
			isa = XCBuildConfiguration;
			buildSettings = {
				ALWAYS_SEARCH_USER_PATHS = NO;
				CLANG_CXX_LANGUAGE_STANDARD = "gnu++0x";
				CLANG_CXX_LIBRARY = "libc++";
				CLANG_ENABLE_OBJC_ARC = YES;
				CLANG_WARN_EMPTY_BODY = YES;
				CLANG_WARN__DUPLICATE_METHOD_MATCH = YES;
				"CODE_SIGN_IDENTITY[sdk=iphoneos*]" = "iPhone Developer";
				COPY_PHASE_STRIP = NO;
				GCC_C_LANGUAGE_STANDARD = gnu99;
				GCC_DYNAMIC_NO_PIC = NO;
				GCC_OPTIMIZATION_LEVEL = 0;
				GCC_PREPROCESSOR_DEFINITIONS = (
					"DEBUG=1",
					"$(inherited)",
				);
				GCC_SYMBOLS_PRIVATE_EXTERN = NO;
				GCC_WARN_ABOUT_RETURN_TYPE = YES;
				GCC_WARN_UNINITIALIZED_AUTOS = YES;
				GCC_WARN_UNUSED_VARIABLE = YES;
				IPHONEOS_DEPLOYMENT_TARGET = 6.0;
				ONLY_ACTIVE_ARCH = YES;
				SDKROOT = iphoneos;
				TARGETED_DEVICE_FAMILY = "1,2";
			};
			name = Debug;
		};
		411215A51681FF8900794F99 /* Release */ = {
			isa = XCBuildConfiguration;
			buildSettings = {
				ALWAYS_SEARCH_USER_PATHS = NO;
				CLANG_CXX_LANGUAGE_STANDARD = "gnu++0x";
				CLANG_CXX_LIBRARY = "libc++";
				CLANG_ENABLE_OBJC_ARC = YES;
				CLANG_WARN_EMPTY_BODY = YES;
				CLANG_WARN__DUPLICATE_METHOD_MATCH = YES;
				"CODE_SIGN_IDENTITY[sdk=iphoneos*]" = "iPhone Developer";
				COPY_PHASE_STRIP = YES;
				GCC_C_LANGUAGE_STANDARD = gnu99;
				GCC_WARN_ABOUT_RETURN_TYPE = YES;
				GCC_WARN_UNINITIALIZED_AUTOS = YES;
				GCC_WARN_UNUSED_VARIABLE = YES;
				IPHONEOS_DEPLOYMENT_TARGET = 6.0;
				OTHER_CFLAGS = "-DNS_BLOCK_ASSERTIONS=1";
				SDKROOT = iphoneos;
				TARGETED_DEVICE_FAMILY = "1,2";
				VALIDATE_PRODUCT = YES;
			};
			name = Release;
		};
		411215A71681FF8900794F99 /* Debug */ = {
			isa = XCBuildConfiguration;
			buildSettings = {
				GCC_PRECOMPILE_PREFIX_HEADER = YES;
				GCC_PREFIX_HEADER = "plusReader/plusReader-Prefix.pch";
				INFOPLIST_FILE = "plusReader/plusReader-Info.plist";
				IPHONEOS_DEPLOYMENT_TARGET = 6.0;
				LIBRARY_SEARCH_PATHS = (
					"$(inherited)",
					"\"$(SRCROOT)/../ThirdParty/GoogleAnalyticsSDK\"",
				);
				PRODUCT_NAME = "$(TARGET_NAME)";
				TARGETED_DEVICE_FAMILY = 1;
				WRAPPER_EXTENSION = app;
			};
			name = Debug;
		};
		411215A81681FF8900794F99 /* Release */ = {
			isa = XCBuildConfiguration;
			buildSettings = {
				GCC_PRECOMPILE_PREFIX_HEADER = YES;
				GCC_PREFIX_HEADER = "plusReader/plusReader-Prefix.pch";
				INFOPLIST_FILE = "plusReader/plusReader-Info.plist";
				IPHONEOS_DEPLOYMENT_TARGET = 6.0;
				LIBRARY_SEARCH_PATHS = (
					"$(inherited)",
					"\"$(SRCROOT)/../ThirdParty/GoogleAnalyticsSDK\"",
				);
				PRODUCT_NAME = "$(TARGET_NAME)";
				TARGETED_DEVICE_FAMILY = 1;
				WRAPPER_EXTENSION = app;
			};
			name = Release;
		};
		411215AA1681FF8900794F99 /* Debug */ = {
			isa = XCBuildConfiguration;
			buildSettings = {
				BUNDLE_LOADER = "$(BUILT_PRODUCTS_DIR)/plusReader.app/plusReader";
				FRAMEWORK_SEARCH_PATHS = (
					"\"$(SDKROOT)/Developer/Library/Frameworks\"",
					"\"$(DEVELOPER_LIBRARY_DIR)/Frameworks\"",
				);
				GCC_PRECOMPILE_PREFIX_HEADER = YES;
				GCC_PREFIX_HEADER = "plusReader/plusReader-Prefix.pch";
				INFOPLIST_FILE = "plusReaderTests/plusReaderTests-Info.plist";
				PRODUCT_NAME = "$(TARGET_NAME)";
				TEST_HOST = "$(BUNDLE_LOADER)";
				WRAPPER_EXTENSION = octest;
			};
			name = Debug;
		};
		411215AB1681FF8900794F99 /* Release */ = {
			isa = XCBuildConfiguration;
			buildSettings = {
				BUNDLE_LOADER = "$(BUILT_PRODUCTS_DIR)/plusReader.app/plusReader";
				FRAMEWORK_SEARCH_PATHS = (
					"\"$(SDKROOT)/Developer/Library/Frameworks\"",
					"\"$(DEVELOPER_LIBRARY_DIR)/Frameworks\"",
				);
				GCC_PRECOMPILE_PREFIX_HEADER = YES;
				GCC_PREFIX_HEADER = "plusReader/plusReader-Prefix.pch";
				INFOPLIST_FILE = "plusReaderTests/plusReaderTests-Info.plist";
				PRODUCT_NAME = "$(TARGET_NAME)";
				TEST_HOST = "$(BUNDLE_LOADER)";
				WRAPPER_EXTENSION = octest;
			};
			name = Release;
		};
/* End XCBuildConfiguration section */

/* Begin XCConfigurationList section */
		4112155B1681FF8800794F99 /* Build configuration list for PBXProject "plusReader" */ = {
			isa = XCConfigurationList;
			buildConfigurations = (
				411215A41681FF8900794F99 /* Debug */,
				411215A51681FF8900794F99 /* Release */,
			);
			defaultConfigurationIsVisible = 0;
			defaultConfigurationName = Release;
		};
		411215A61681FF8900794F99 /* Build configuration list for PBXNativeTarget "plusReader" */ = {
			isa = XCConfigurationList;
			buildConfigurations = (
				411215A71681FF8900794F99 /* Debug */,
				411215A81681FF8900794F99 /* Release */,
			);
			defaultConfigurationIsVisible = 0;
			defaultConfigurationName = Release;
		};
		411215A91681FF8900794F99 /* Build configuration list for PBXNativeTarget "plusReaderTests" */ = {
			isa = XCConfigurationList;
			buildConfigurations = (
				411215AA1681FF8900794F99 /* Debug */,
				411215AB1681FF8900794F99 /* Release */,
			);
			defaultConfigurationIsVisible = 0;
			defaultConfigurationName = Release;
		};
/* End XCConfigurationList section */

/* Begin XCVersionGroup section */
		411215851681FF8800794F99 /* plusReader.xcdatamodeld */ = {
			isa = XCVersionGroup;
			children = (
				411215861681FF8800794F99 /* plusReader.xcdatamodel */,
			);
			currentVersion = 411215861681FF8800794F99 /* plusReader.xcdatamodel */;
			path = plusReader.xcdatamodeld;
			sourceTree = "<group>";
			versionGroupType = wrapper.xcdatamodel;
		};
/* End XCVersionGroup section */
	};
	rootObject = 411215581681FF8800794F99 /* Project object */;
}
